{
    "_readme": [
        "This file locks the dependencies of your project to a known state",
        "Read more about it at https://getcomposer.org/doc/01-basic-usage.md#composer-lock-the-lock-file",
        "This file is @generated automatically"
    ],
    "hash": "8e6af15b243cd1730eba3c8778fd5b38",
    "packages": [
        {
            "name": "bobdenotter/seo",
            "version": "v0.9.0",
            "source": {
                "type": "git",
                "url": "https://github.com/bobdenotter/seo.git",
                "reference": "ebb3c1ad4b3f85c6ea337ebe023480a4b14ebb48"
            },
            "dist": {
                "type": "zip",
                "url": "https://api.github.com/repos/bobdenotter/seo/zipball/ebb3c1ad4b3f85c6ea337ebe023480a4b14ebb48",
                "reference": "ebb3c1ad4b3f85c6ea337ebe023480a4b14ebb48",
                "shasum": ""
            },
            "require": {
                "bolt/bolt": ">=2.1.0,<3.0.0"
            },
            "type": "bolt-extension",
            "extra": {
                "bolt-assets": "assets"
            },
            "autoload": {
                "files": [
                    "init.php"
                ],
                "psr-4": {
                    "Bolt\\Extension\\BobdenOtter\\Seo\\": ""
                }
            },
            "license": [
                "MIT"
            ],
            "authors": [
                {
                    "name": "Bob den Otter",
                    "email": "bob@twokings.nl"
                }
            ],
            "description": "An extension to easily manage SEO title, meta description and OG tags.",
            "support": {
                "source": "https://github.com/bobdenotter/seo/tree/v0.9.0",
                "issues": "https://github.com/bobdenotter/seo/issues"
            },
            "time": "2015-06-03 12:07:13"
        },
        {
            "name": "bolt/googleanalytics",
            "version": "v1.0.1",
            "source": {
                "type": "git",
                "url": "https://github.com/bolt/GoogleAnalytics.git",
                "reference": "ed62b081e174a6655d26f0a08f4ff505b3ddf6fa"
            },
            "dist": {
                "type": "zip",
                "url": "https://api.github.com/repos/bolt/GoogleAnalytics/zipball/ed62b081e174a6655d26f0a08f4ff505b3ddf6fa",
                "reference": "ed62b081e174a6655d26f0a08f4ff505b3ddf6fa",
                "shasum": ""
            },
            "require": {
                "bolt/bolt": ">=2.0.0,<3.0.0"
            },
            "type": "bolt-extension",
            "autoload": {
                "files": [
                    "init.php"
                ],
                "psr-4": {
                    "Bolt\\Extension\\Bolt\\GoogleAnalytics\\": ""
                }
            },
            "license": [
                "MIT"
            ],
            "authors": [
                {
                    "name": "Bob den Otter",
                    "email": "bob@twokings.nl"
                }
            ],
            "support": {
                "source": "https://github.com/bolt/GoogleAnalytics/tree/v1.0.1",
                "issues": "https://github.com/bolt/GoogleAnalytics/issues"
            },
            "time": "2014-12-02 14:15:44"
        },
        {
            "name": "bolt/simpleforms",
            "version": "1.4",
            "source": {
                "type": "git",
                "url": "https://github.com/jadwigo/SimpleForms.git",
                "reference": "1f9dc6ac2a991d2741fdabbe0133023cd3401a5c"
            },
            "dist": {
                "type": "zip",
                "url": "https://api.github.com/repos/jadwigo/SimpleForms/zipball/1f9dc6ac2a991d2741fdabbe0133023cd3401a5c",
                "reference": "1f9dc6ac2a991d2741fdabbe0133023cd3401a5c",
                "shasum": ""
            },
            "require": {
                "bolt/bolt": ">=2.0.0,<3.0.0"
            },
            "type": "bolt-extension",
            "extra": {
                "branch-alias": {
                    "dev-master": "1.*"
                }
            },
            "autoload": {
                "files": [
                    "init.php"
                ],
                "psr-4": {
                    "Bolt\\Extension\\Bolt\\SimpleForms\\": ""
                }
            },
            "authors": [
                {
                    "name": "Lodewijk Evers",
                    "email": "lodewijk@twokings.nl",
                    "homepage": "https://github.com/jadwigo"
                }
            ],
            "description": "This extension will allow you to insert simple forms on your site, for users to get in touch, send you a quick note or something like that. To use, configure the required fields in config.yml, and place <code>{{ simpleform('contact') }}</code> in your templates.",
            "keywords": [
                "email",
                "forms",
                "input",
                "upload"
            ],
            "support": {
                "source": "https://github.com/jadwigo/SimpleForms/tree/1.4",
                "issues": "https://github.com/jadwigo/SimpleForms/issues"
            },
            "time": "2015-05-19 14:10:40"
        },
        {
            "name": "miguelavaqrod/newsletter",
            "version": "v1.0",
            "source": {
                "type": "git",
                "url": "https://github.com/miguelavaqrod/bolt-newsletter-subscription.git",
                "reference": "c14ace775b448bd3bdda2d1e7cca0bb45914fde4"
            },
            "dist": {
                "type": "zip",
                "url": "https://api.github.com/repos/miguelavaqrod/bolt-newsletter-subscription/zipball/c14ace775b448bd3bdda2d1e7cca0bb45914fde4",
                "reference": "c14ace775b448bd3bdda2d1e7cca0bb45914fde4",
                "shasum": ""
            },
            "require": {
                "bolt/bolt": ">=2.0.0,<3.0.0"
            },
            "type": "bolt-extension",
            "autoload": {
                "files": [
                    "init.php"
                ],
                "psr-4": {
                    "Bolt\\Extension\\miguelavaqrod\\newsletter\\": ""
                }
            },
            "license": [
                "MIT"
            ],
            "authors": [
                {
                    "name": "Miguel Angel Vaquero",
                    "email": "miguela.vaqrod@gmail.com"
                }
            ],
            "description": "An extension to save newsletter email subscriptions.",
            "keywords": [
                "newsletter"
            ],
            "support": {
                "source": "https://github.com/miguelavaqrod/bolt-newsletter-subscription/tree/v1.0",
                "issues": "https://github.com/miguelavaqrod/bolt-newsletter-subscription/issues"
            },
            "time": "2015-02-14 15:17:51"
        }
    ],
    "packages-dev": [],
    "aliases": [],
    "minimum-stability": "stable",
    "stability-flags": [],
    "prefer-stable": true,
    "prefer-lowest": false,
    "platform": [],
    "platform-dev": []
}
